
Microsoft Visual Studio Solution File, Format Version 12.00
# Visual Studio Version 16
VisualStudioVersion = 16.0.31624.102
MinimumVisualStudioVersion = 10.0.40219.1
Project("{9A19103F-16F7-4668-BE54-9A1E7A4F7556}") = "NBMMessagingApp", "NBMMessagingApp\NBMMessagingApp.csproj", "{64DDE4E0-7AA3-467E-B375-FE22875A5AA2}"
EndProject
Project("{FAE04EC0-301F-11D3-BF4B-00C04F79EFBC}") = "NBMMessagingAppTests", "NBMMessagingAppTests\NBMMessagingAppTests.csproj", "{5FE3CEB7-3813-471F-9A19-767929D45BCD}"
EndProject
Global
	GlobalSection(SolutionConfigurationPlatforms) = preSolution
		Debug|Any CPU = Debug|Any CPU
		Release|Any CPU = Release|Any CPU
	EndGlobalSection
	GlobalSection(ProjectConfigurationPlatforms) = postSolution
		{64DDE4E0-7AA3-467E-B375-FE22875A5AA2}.Debug|Any CPU.ActiveCfg = Debug|Any CPU
		{64DDE4E0-7AA3-467E-B375-FE22875A5AA2}.Debug|Any CPU.Build.0 = Debug|Any CPU
		{64DDE4E0-7AA3-467E-B375-FE22875A5AA2}.Release|Any CPU.ActiveCfg = Release|Any CPU
		{64DDE4E0-7AA3-467E-B375-FE22875A5AA2}.Release|Any CPU.Build.0 = Release|Any CPU
		{5FE3CEB7-3813-471F-9A19-767929D45BCD}.Debug|Any CPU.ActiveCfg = Debug|Any CPU
		{5FE3CEB7-3813-471F-9A19-767929D45BCD}.Debug|Any CPU.Build.0 = Debug|Any CPU
		{5FE3CEB7-3813-471F-9A19-767929D45BCD}.Release|Any CPU.ActiveCfg = Release|Any CPU
		{5FE3CEB7-3813-471F-9A19-767929D45BCD}.Release|Any CPU.Build.0 = Release|Any CPU
	EndGlobalSection
	GlobalSection(SolutionProperties) = preSolution
		HideSolutionNode = FALSE
	EndGlobalSection
	GlobalSection(ExtensibilityGlobals) = postSolution
		SolutionGuid = {849CFD8F-8AB3-4EB2-B0FE-F0FE1268DA7B}
	EndGlobalSection
EndGlobal
